
Microsoft Visual Studio Solution File, Format Version 12.00
# Visual Studio Version 16
VisualStudioVersion = 16.0.33529.622
MinimumVisualStudioVersion = 10.0.40219.1
Project("{FAE04EC0-301F-11D3-BF4B-00C04F79EFBC}") = "ODataBookStore", "ODataBookStore\ODataBookStore.csproj", "{DC49AA8D-8084-4BAD-96E9-DB4C38D4E950}"
EndProject
Project("{FAE04EC0-301F-11D3-BF4B-00C04F79EFBC}") = "ODataBookStoreWebClient", "ODataBookStoreWebClient\ODataBookStoreWebClient.csproj", "{6E2034A4-8080-4A2D-9515-441AEE628848}"
EndProject
Global
	GlobalSection(SolutionConfigurationPlatforms) = preSolution
		Debug|Any CPU = Debug|Any CPU
		Release|Any CPU = Release|Any CPU
	EndGlobalSection
	GlobalSection(ProjectConfigurationPlatforms) = postSolution
		{DC49AA8D-8084-4BAD-96E9-DB4C38D4E950}.Debug|Any CPU.ActiveCfg = Debug|Any CPU
		{DC49AA8D-8084-4BAD-96E9-DB4C38D4E950}.Debug|Any CPU.Build.0 = Debug|Any CPU
		{DC49AA8D-8084-4BAD-96E9-DB4C38D4E950}.Release|Any CPU.ActiveCfg = Release|Any CPU
		{DC49AA8D-8084-4BAD-96E9-DB4C38D4E950}.Release|Any CPU.Build.0 = Release|Any CPU
		{6E2034A4-8080-4A2D-9515-441AEE628848}.Debug|Any CPU.ActiveCfg = Debug|Any CPU
		{6E2034A4-8080-4A2D-9515-441AEE628848}.Debug|Any CPU.Build.0 = Debug|Any CPU
		{6E2034A4-8080-4A2D-9515-441AEE628848}.Release|Any CPU.ActiveCfg = Release|Any CPU
		{6E2034A4-8080-4A2D-9515-441AEE628848}.Release|Any CPU.Build.0 = Release|Any CPU
	EndGlobalSection
	GlobalSection(SolutionProperties) = preSolution
		HideSolutionNode = FALSE
	EndGlobalSection
	GlobalSection(ExtensibilityGlobals) = postSolution
		SolutionGuid = {B94E5AEA-1BBD-47FE-AE87-692C58CBAA07}
	EndGlobalSection
EndGlobal
